
Microsoft Visual Studio Solution File, Format Version 12.00
# Visual Studio Version 17
VisualStudioVersion = 17.3.32901.215
MinimumVisualStudioVersion = 10.0.40219.1
Project("{9A19103F-16F7-4668-BE54-9A1E7A4F7556}") = "UrlEncoder", "UrlEncoder\UrlEncoder.csproj", "{0EDE08F2-79A0-4194-944D-CE6BC16C88A1}"
EndProject
Project("{2150E333-8FDC-42A3-9474-1A3956D46DE8}") = "GitHubWorkFlows", "GitHubWorkFlows", "{4DC45D5F-0D24-4A92-B486-CEF0537187C1}"
	ProjectSection(SolutionItems) = preProject
		.github\workflows\dotnet.yml = .github\workflows\dotnet.yml
	EndProjectSection
EndProject
Project("{2150E333-8FDC-42A3-9474-1A3956D46DE8}") = "Docs", "Docs", "{01BB7BE3-88ED-4FA8-87D6-66B746EEF0D1}"
	ProjectSection(SolutionItems) = preProject
		CHANGELOG.md = CHANGELOG.md
		README.md = README.md
	EndProjectSection
EndProject
Global
	GlobalSection(SolutionConfigurationPlatforms) = preSolution
		Debug|Any CPU = Debug|Any CPU
		Release|Any CPU = Release|Any CPU
	EndGlobalSection
	GlobalSection(ProjectConfigurationPlatforms) = postSolution
		{0EDE08F2-79A0-4194-944D-CE6BC16C88A1}.Debug|Any CPU.ActiveCfg = Debug|Any CPU
		{0EDE08F2-79A0-4194-944D-CE6BC16C88A1}.Debug|Any CPU.Build.0 = Debug|Any CPU
		{0EDE08F2-79A0-4194-944D-CE6BC16C88A1}.Release|Any CPU.ActiveCfg = Release|Any CPU
		{0EDE08F2-79A0-4194-944D-CE6BC16C88A1}.Release|Any CPU.Build.0 = Release|Any CPU
	EndGlobalSection
	GlobalSection(SolutionProperties) = preSolution
		HideSolutionNode = FALSE
	EndGlobalSection
	GlobalSection(ExtensibilityGlobals) = postSolution
		SolutionGuid = {760378DE-EBB0-42A3-BA22-D4C7C2DAA131}
	EndGlobalSection
EndGlobal
